
Microsoft Visual Studio Solution File, Format Version 12.00
# Visual Studio Version 17
VisualStudioVersion = 17.5.002.0
MinimumVisualStudioVersion = 10.0.40219.1
Project("{9A19103F-16F7-4668-BE54-9A1E7A4F7556}") = "SmartClock", "SmartClock.csproj", "{C9F1B2CB-988A-4DA7-805D-CB2284DA38AB}"
EndProject
Global
	GlobalSection(SolutionConfigurationPlatforms) = preSolution
		Debug|Any CPU = Debug|Any CPU
		Release|Any CPU = Release|Any CPU
	EndGlobalSection
	GlobalSection(ProjectConfigurationPlatforms) = postSolution
		{C9F1B2CB-988A-4DA7-805D-CB2284DA38AB}.Debug|Any CPU.ActiveCfg = Debug|Any CPU
		{C9F1B2CB-988A-4DA7-805D-CB2284DA38AB}.Debug|Any CPU.Build.0 = Debug|Any CPU
		{C9F1B2CB-988A-4DA7-805D-CB2284DA38AB}.Release|Any CPU.ActiveCfg = Release|Any CPU
		{C9F1B2CB-988A-4DA7-805D-CB2284DA38AB}.Release|Any CPU.Build.0 = Release|Any CPU
	EndGlobalSection
	GlobalSection(SolutionProperties) = preSolution
		HideSolutionNode = FALSE
	EndGlobalSection
	GlobalSection(ExtensibilityGlobals) = postSolution
		SolutionGuid = {BB9713C3-36F6-434A-95B8-B032A3B109F0}
	EndGlobalSection
EndGlobal
